{
    "name": "apiExtravioDeMenor",
    "version": "1.0.0",
    "lockfileVersion": 1,
    "requires": true,
    "dependencies": {
        "async": {
            "version": "1.5.2",
            "resolved": "https://registry.npmjs.org/async/-/async-1.5.2.tgz",
            "integrity": "sha1-7GphrlZIDAw8skHJVhjiCJL5Zyo="
        },
        "lodash": {
            "version": "3.10.1",
            "resolved": "https://registry.npmjs.org/lodash/-/lodash-3.10.1.tgz",
            "integrity": "sha1-W/Rejkm6QYnhfUgnid/RW9FAt7Y="
        },
        "pkginfo": {
            "version": "0.3.1",
            "resolved": "https://registry.npmjs.org/pkginfo/-/pkginfo-0.3.1.tgz",
            "integrity": "sha1-Wyn2qB9wcXFC4J52W76rl7T4HiE="
        }
    }
}
